
Microsoft Visual Studio Solution File, Format Version 12.00
# Visual Studio Version 17
VisualStudioVersion = 17.7.34009.444
MinimumVisualStudioVersion = 10.0.40219.1
Project("{9A19103F-16F7-4668-BE54-9A1E7A4F7556}") = "ReactCrud.API", "ReactCrud.API\ReactCrud.API.csproj", "{084C5915-E587-4035-89C0-291CEF3B188F}"
EndProject
Project("{9A19103F-16F7-4668-BE54-9A1E7A4F7556}") = "ReactCrud.Data", "ReactCrud.Data\ReactCrud.Data.csproj", "{5FF591E6-24E3-42A9-9635-C7F303EF958C}"
EndProject
Project("{FAE04EC0-301F-11D3-BF4B-00C04F79EFBC}") = "ReactCrud.Core", "ReactCrud.Core\ReactCrud.Core.csproj", "{A869943A-FE06-41CC-9CB5-9170BCA9F41D}"
EndProject
Global
	GlobalSection(SolutionConfigurationPlatforms) = preSolution
		Debug|Any CPU = Debug|Any CPU
		Release|Any CPU = Release|Any CPU
	EndGlobalSection
	GlobalSection(ProjectConfigurationPlatforms) = postSolution
		{084C5915-E587-4035-89C0-291CEF3B188F}.Debug|Any CPU.ActiveCfg = Debug|Any CPU
		{084C5915-E587-4035-89C0-291CEF3B188F}.Debug|Any CPU.Build.0 = Debug|Any CPU
		{084C5915-E587-4035-89C0-291CEF3B188F}.Release|Any CPU.ActiveCfg = Release|Any CPU
		{084C5915-E587-4035-89C0-291CEF3B188F}.Release|Any CPU.Build.0 = Release|Any CPU
		{5FF591E6-24E3-42A9-9635-C7F303EF958C}.Debug|Any CPU.ActiveCfg = Debug|Any CPU
		{5FF591E6-24E3-42A9-9635-C7F303EF958C}.Debug|Any CPU.Build.0 = Debug|Any CPU
		{5FF591E6-24E3-42A9-9635-C7F303EF958C}.Release|Any CPU.ActiveCfg = Release|Any CPU
		{5FF591E6-24E3-42A9-9635-C7F303EF958C}.Release|Any CPU.Build.0 = Release|Any CPU
		{A869943A-FE06-41CC-9CB5-9170BCA9F41D}.Debug|Any CPU.ActiveCfg = Debug|Any CPU
		{A869943A-FE06-41CC-9CB5-9170BCA9F41D}.Debug|Any CPU.Build.0 = Debug|Any CPU
		{A869943A-FE06-41CC-9CB5-9170BCA9F41D}.Release|Any CPU.ActiveCfg = Release|Any CPU
		{A869943A-FE06-41CC-9CB5-9170BCA9F41D}.Release|Any CPU.Build.0 = Release|Any CPU
	EndGlobalSection
	GlobalSection(SolutionProperties) = preSolution
		HideSolutionNode = FALSE
	EndGlobalSection
	GlobalSection(ExtensibilityGlobals) = postSolution
		SolutionGuid = {0EB10447-5820-479E-9AAA-D534E13DC1D6}
	EndGlobalSection
EndGlobal
